
Microsoft Visual Studio Solution File, Format Version 12.00
# Visual Studio Version 17
VisualStudioVersion = 17.9.34607.119
MinimumVisualStudioVersion = 10.0.40219.1
Project("{2150E333-8FDC-42A3-9474-1A3956D46DE8}") = "src", "src", "{2D805FB2-2B56-4227-9608-3ADEF82B4070}"
EndProject
Project("{2150E333-8FDC-42A3-9474-1A3956D46DE8}") = "tests", "tests", "{01FFC7F9-0EAF-4564-87DE-226B1FD57E3C}"
EndProject
Project("{9A19103F-16F7-4668-BE54-9A1E7A4F7556}") = "BusTickets.Application", "src\BusTickets.Application\BusTickets.Application.csproj", "{C934E2AB-7632-4744-8E19-0D8412B45C3F}"
EndProject
Project("{9A19103F-16F7-4668-BE54-9A1E7A4F7556}") = "BusTickets.Domain", "src\BusTickets.Domain\BusTickets.Domain.csproj", "{DD645400-5525-4A63-B145-5B67AD0228AC}"
EndProject
Project("{9A19103F-16F7-4668-BE54-9A1E7A4F7556}") = "BusTickets.IdentityServer", "src\BusTickets.IdentityServer\BusTickets.IdentityServer.csproj", "{5ABAA755-BE20-4F04-A392-A47C882F7270}"
EndProject
Project("{9A19103F-16F7-4668-BE54-9A1E7A4F7556}") = "BusTickets.Infrastructure", "src\BusTickets.Infrastructure\BusTickets.Infrastructure.csproj", "{0397CA7C-B62F-492E-988A-E13E6463DB91}"
EndProject
Project("{9A19103F-16F7-4668-BE54-9A1E7A4F7556}") = "BusTickets.Infrastructure.Data", "src\BusTickets.Infrastructure.Data\BusTickets.Infrastructure.Data.csproj", "{01AA0894-1CE4-45CB-850E-D6FAA142A18C}"
EndProject
Project("{9A19103F-16F7-4668-BE54-9A1E7A4F7556}") = "BusTickets.Shared", "src\BusTickets.Shared\BusTickets.Shared.csproj", "{C1BF8632-F2B4-4506-AD0F-B2503851DD23}"
EndProject
Project("{9A19103F-16F7-4668-BE54-9A1E7A4F7556}") = "BusTickets.WebAPI", "src\BusTickets.WebAPI\BusTickets.WebAPI.csproj", "{88BDF811-0443-4260-860C-51C2FB67160D}"
EndProject
Project("{9A19103F-16F7-4668-BE54-9A1E7A4F7556}") = "BusTickets.WebUI", "src\BusTickets.WebUI\BusTickets.WebUI.csproj", "{D54B9D6A-2D2E-4014-98FA-7D35D2D55382}"
EndProject
Project("{9A19103F-16F7-4668-BE54-9A1E7A4F7556}") = "BusTickets.Application.Tests", "tests\BusTickets.Application.Tests\BusTickets.Application.Tests.csproj", "{345D6721-CFF9-4728-8500-89078FF95D81}"
EndProject
Project("{9A19103F-16F7-4668-BE54-9A1E7A4F7556}") = "Bustickets.Domain.Tests", "tests\Bustickets.Domains.Tests\Bustickets.Domain.Tests.csproj", "{B435CA1B-6E7B-4CCE-BD7D-8651C181DF03}"
EndProject
Project("{9A19103F-16F7-4668-BE54-9A1E7A4F7556}") = "BusTickets.IdentifyServer.Tests", "tests\BusTickets.IdentifyServer.Tests\BusTickets.IdentifyServer.Tests.csproj", "{18FAF0BD-6480-4804-B8FE-0901D3D014CC}"
EndProject
Project("{9A19103F-16F7-4668-BE54-9A1E7A4F7556}") = "BusTickets.Infrastcture.Tests", "tests\BusTickets.Infrastcture.Tests\BusTickets.Infrastcture.Tests.csproj", "{15694B3F-4F1B-43F0-9FF6-C436AF538017}"
EndProject
Project("{9A19103F-16F7-4668-BE54-9A1E7A4F7556}") = "BusTickets.Infrastructure.Data.Tests", "tests\BusTickets.Infrastructure.Data.Tests\BusTickets.Infrastructure.Data.Tests.csproj", "{C28FF5F4-C24E-4636-BF02-13F9076DC8ED}"
EndProject
Project("{9A19103F-16F7-4668-BE54-9A1E7A4F7556}") = "BusTickets.Shared.Tests", "tests\BusTickets.Shared.Tests\BusTickets.Shared.Tests.csproj", "{A1189E51-3B8C-4033-B7AF-29457F0CA46C}"
EndProject
Project("{9A19103F-16F7-4668-BE54-9A1E7A4F7556}") = "BusTickets.WebAPI.Tests", "tests\BusTickets.WebAPI.Tests\BusTickets.WebAPI.Tests.csproj", "{F79DF37D-FF6A-4C35-8AB5-57E50ACDB8D7}"
EndProject
Project("{9A19103F-16F7-4668-BE54-9A1E7A4F7556}") = "BusTickets.WebUI.Tests", "tests\BusTickets.WebUI.Tests\BusTickets.WebUI.Tests.csproj", "{F5D4FAA4-3F8C-4D7A-8BE9-FAB3D694588D}"
EndProject
Global
	GlobalSection(SolutionConfigurationPlatforms) = preSolution
		Debug|Any CPU = Debug|Any CPU
		Release|Any CPU = Release|Any CPU
	EndGlobalSection
	GlobalSection(ProjectConfigurationPlatforms) = postSolution
		{C934E2AB-7632-4744-8E19-0D8412B45C3F}.Debug|Any CPU.ActiveCfg = Debug|Any CPU
		{C934E2AB-7632-4744-8E19-0D8412B45C3F}.Debug|Any CPU.Build.0 = Debug|Any CPU
		{C934E2AB-7632-4744-8E19-0D8412B45C3F}.Release|Any CPU.ActiveCfg = Release|Any CPU
		{C934E2AB-7632-4744-8E19-0D8412B45C3F}.Release|Any CPU.Build.0 = Release|Any CPU
		{DD645400-5525-4A63-B145-5B67AD0228AC}.Debug|Any CPU.ActiveCfg = Debug|Any CPU
		{DD645400-5525-4A63-B145-5B67AD0228AC}.Debug|Any CPU.Build.0 = Debug|Any CPU
		{DD645400-5525-4A63-B145-5B67AD0228AC}.Release|Any CPU.ActiveCfg = Release|Any CPU
		{DD645400-5525-4A63-B145-5B67AD0228AC}.Release|Any CPU.Build.0 = Release|Any CPU
		{5ABAA755-BE20-4F04-A392-A47C882F7270}.Debug|Any CPU.ActiveCfg = Debug|Any CPU
		{5ABAA755-BE20-4F04-A392-A47C882F7270}.Debug|Any CPU.Build.0 = Debug|Any CPU
		{5ABAA755-BE20-4F04-A392-A47C882F7270}.Release|Any CPU.ActiveCfg = Release|Any CPU
		{5ABAA755-BE20-4F04-A392-A47C882F7270}.Release|Any CPU.Build.0 = Release|Any CPU
		{0397CA7C-B62F-492E-988A-E13E6463DB91}.Debug|Any CPU.ActiveCfg = Debug|Any CPU
		{0397CA7C-B62F-492E-988A-E13E6463DB91}.Debug|Any CPU.Build.0 = Debug|Any CPU
		{0397CA7C-B62F-492E-988A-E13E6463DB91}.Release|Any CPU.ActiveCfg = Release|Any CPU
		{0397CA7C-B62F-492E-988A-E13E6463DB91}.Release|Any CPU.Build.0 = Release|Any CPU
		{01AA0894-1CE4-45CB-850E-D6FAA142A18C}.Debug|Any CPU.ActiveCfg = Debug|Any CPU
		{01AA0894-1CE4-45CB-850E-D6FAA142A18C}.Debug|Any CPU.Build.0 = Debug|Any CPU
		{01AA0894-1CE4-45CB-850E-D6FAA142A18C}.Release|Any CPU.ActiveCfg = Release|Any CPU
		{01AA0894-1CE4-45CB-850E-D6FAA142A18C}.Release|Any CPU.Build.0 = Release|Any CPU
		{C1BF8632-F2B4-4506-AD0F-B2503851DD23}.Debug|Any CPU.ActiveCfg = Debug|Any CPU
		{C1BF8632-F2B4-4506-AD0F-B2503851DD23}.Debug|Any CPU.Build.0 = Debug|Any CPU
		{C1BF8632-F2B4-4506-AD0F-B2503851DD23}.Release|Any CPU.ActiveCfg = Release|Any CPU
		{C1BF8632-F2B4-4506-AD0F-B2503851DD23}.Release|Any CPU.Build.0 = Release|Any CPU
		{88BDF811-0443-4260-860C-51C2FB67160D}.Debug|Any CPU.ActiveCfg = Debug|Any CPU
		{88BDF811-0443-4260-860C-51C2FB67160D}.Debug|Any CPU.Build.0 = Debug|Any CPU
		{88BDF811-0443-4260-860C-51C2FB67160D}.Release|Any CPU.ActiveCfg = Release|Any CPU
		{88BDF811-0443-4260-860C-51C2FB67160D}.Release|Any CPU.Build.0 = Release|Any CPU
		{D54B9D6A-2D2E-4014-98FA-7D35D2D55382}.Debug|Any CPU.ActiveCfg = Debug|Any CPU
		{D54B9D6A-2D2E-4014-98FA-7D35D2D55382}.Debug|Any CPU.Build.0 = Debug|Any CPU
		{D54B9D6A-2D2E-4014-98FA-7D35D2D55382}.Release|Any CPU.ActiveCfg = Release|Any CPU
		{D54B9D6A-2D2E-4014-98FA-7D35D2D55382}.Release|Any CPU.Build.0 = Release|Any CPU
		{345D6721-CFF9-4728-8500-89078FF95D81}.Debug|Any CPU.ActiveCfg = Debug|Any CPU
		{345D6721-CFF9-4728-8500-89078FF95D81}.Debug|Any CPU.Build.0 = Debug|Any CPU
		{345D6721-CFF9-4728-8500-89078FF95D81}.Release|Any CPU.ActiveCfg = Release|Any CPU
		{345D6721-CFF9-4728-8500-89078FF95D81}.Release|Any CPU.Build.0 = Release|Any CPU
		{B435CA1B-6E7B-4CCE-BD7D-8651C181DF03}.Debug|Any CPU.ActiveCfg = Debug|Any CPU
		{B435CA1B-6E7B-4CCE-BD7D-8651C181DF03}.Debug|Any CPU.Build.0 = Debug|Any CPU
		{B435CA1B-6E7B-4CCE-BD7D-8651C181DF03}.Release|Any CPU.ActiveCfg = Release|Any CPU
		{B435CA1B-6E7B-4CCE-BD7D-8651C181DF03}.Release|Any CPU.Build.0 = Release|Any CPU
		{18FAF0BD-6480-4804-B8FE-0901D3D014CC}.Debug|Any CPU.ActiveCfg = Debug|Any CPU
		{18FAF0BD-6480-4804-B8FE-0901D3D014CC}.Debug|Any CPU.Build.0 = Debug|Any CPU
		{18FAF0BD-6480-4804-B8FE-0901D3D014CC}.Release|Any CPU.ActiveCfg = Release|Any CPU
		{18FAF0BD-6480-4804-B8FE-0901D3D014CC}.Release|Any CPU.Build.0 = Release|Any CPU
		{15694B3F-4F1B-43F0-9FF6-C436AF538017}.Debug|Any CPU.ActiveCfg = Debug|Any CPU
		{15694B3F-4F1B-43F0-9FF6-C436AF538017}.Debug|Any CPU.Build.0 = Debug|Any CPU
		{15694B3F-4F1B-43F0-9FF6-C436AF538017}.Release|Any CPU.ActiveCfg = Release|Any CPU
		{15694B3F-4F1B-43F0-9FF6-C436AF538017}.Release|Any CPU.Build.0 = Release|Any CPU
		{C28FF5F4-C24E-4636-BF02-13F9076DC8ED}.Debug|Any CPU.ActiveCfg = Debug|Any CPU
		{C28FF5F4-C24E-4636-BF02-13F9076DC8ED}.Debug|Any CPU.Build.0 = Debug|Any CPU
		{C28FF5F4-C24E-4636-BF02-13F9076DC8ED}.Release|Any CPU.ActiveCfg = Release|Any CPU
		{C28FF5F4-C24E-4636-BF02-13F9076DC8ED}.Release|Any CPU.Build.0 = Release|Any CPU
		{A1189E51-3B8C-4033-B7AF-29457F0CA46C}.Debug|Any CPU.ActiveCfg = Debug|Any CPU
		{A1189E51-3B8C-4033-B7AF-29457F0CA46C}.Debug|Any CPU.Build.0 = Debug|Any CPU
		{A1189E51-3B8C-4033-B7AF-29457F0CA46C}.Release|Any CPU.ActiveCfg = Release|Any CPU
		{A1189E51-3B8C-4033-B7AF-29457F0CA46C}.Release|Any CPU.Build.0 = Release|Any CPU
		{F79DF37D-FF6A-4C35-8AB5-57E50ACDB8D7}.Debug|Any CPU.ActiveCfg = Debug|Any CPU
		{F79DF37D-FF6A-4C35-8AB5-57E50ACDB8D7}.Debug|Any CPU.Build.0 = Debug|Any CPU
		{F79DF37D-FF6A-4C35-8AB5-57E50ACDB8D7}.Release|Any CPU.ActiveCfg = Release|Any CPU
		{F79DF37D-FF6A-4C35-8AB5-57E50ACDB8D7}.Release|Any CPU.Build.0 = Release|Any CPU
		{F5D4FAA4-3F8C-4D7A-8BE9-FAB3D694588D}.Debug|Any CPU.ActiveCfg = Debug|Any CPU
		{F5D4FAA4-3F8C-4D7A-8BE9-FAB3D694588D}.Debug|Any CPU.Build.0 = Debug|Any CPU
		{F5D4FAA4-3F8C-4D7A-8BE9-FAB3D694588D}.Release|Any CPU.ActiveCfg = Release|Any CPU
		{F5D4FAA4-3F8C-4D7A-8BE9-FAB3D694588D}.Release|Any CPU.Build.0 = Release|Any CPU
	EndGlobalSection
	GlobalSection(SolutionProperties) = preSolution
		HideSolutionNode = FALSE
	EndGlobalSection
	GlobalSection(NestedProjects) = preSolution
		{C934E2AB-7632-4744-8E19-0D8412B45C3F} = {2D805FB2-2B56-4227-9608-3ADEF82B4070}
		{DD645400-5525-4A63-B145-5B67AD0228AC} = {2D805FB2-2B56-4227-9608-3ADEF82B4070}
		{5ABAA755-BE20-4F04-A392-A47C882F7270} = {2D805FB2-2B56-4227-9608-3ADEF82B4070}
		{0397CA7C-B62F-492E-988A-E13E6463DB91} = {2D805FB2-2B56-4227-9608-3ADEF82B4070}
		{01AA0894-1CE4-45CB-850E-D6FAA142A18C} = {2D805FB2-2B56-4227-9608-3ADEF82B4070}
		{C1BF8632-F2B4-4506-AD0F-B2503851DD23} = {2D805FB2-2B56-4227-9608-3ADEF82B4070}
		{88BDF811-0443-4260-860C-51C2FB67160D} = {2D805FB2-2B56-4227-9608-3ADEF82B4070}
		{D54B9D6A-2D2E-4014-98FA-7D35D2D55382} = {2D805FB2-2B56-4227-9608-3ADEF82B4070}
		{345D6721-CFF9-4728-8500-89078FF95D81} = {01FFC7F9-0EAF-4564-87DE-226B1FD57E3C}
		{B435CA1B-6E7B-4CCE-BD7D-8651C181DF03} = {01FFC7F9-0EAF-4564-87DE-226B1FD57E3C}
		{18FAF0BD-6480-4804-B8FE-0901D3D014CC} = {01FFC7F9-0EAF-4564-87DE-226B1FD57E3C}
		{15694B3F-4F1B-43F0-9FF6-C436AF538017} = {01FFC7F9-0EAF-4564-87DE-226B1FD57E3C}
		{C28FF5F4-C24E-4636-BF02-13F9076DC8ED} = {01FFC7F9-0EAF-4564-87DE-226B1FD57E3C}
		{A1189E51-3B8C-4033-B7AF-29457F0CA46C} = {01FFC7F9-0EAF-4564-87DE-226B1FD57E3C}
		{F79DF37D-FF6A-4C35-8AB5-57E50ACDB8D7} = {01FFC7F9-0EAF-4564-87DE-226B1FD57E3C}
		{F5D4FAA4-3F8C-4D7A-8BE9-FAB3D694588D} = {01FFC7F9-0EAF-4564-87DE-226B1FD57E3C}
	EndGlobalSection
	GlobalSection(ExtensibilityGlobals) = postSolution
		SolutionGuid = {3E1A4354-5E66-4999-8865-E2531C3584C8}
	EndGlobalSection
EndGlobal
